
Microsoft Visual Studio Solution File, Format Version 12.00
# Visual Studio 15
Project("{FAE04EC0-301F-11D3-BF4B-00C04F79EFBC}") = "spine-unity", "spine-unity.csproj", "{4CF35524-C216-5BE0-36EA-3E86842371C3}"
EndProject
Project("{FAE04EC0-301F-11D3-BF4B-00C04F79EFBC}") = "spine-unity-editor", "spine-unity-editor.csproj", "{FAC8CE82-92FC-EBA0-7C5F-E2A9A5B5381D}"
EndProject
Project("{FAE04EC0-301F-11D3-BF4B-00C04F79EFBC}") = "UniRx", "UniRx.csproj", "{A331BB66-84FD-861B-5109-D6076FF00794}"
EndProject
Project("{FAE04EC0-301F-11D3-BF4B-00C04F79EFBC}") = "spine-csharp", "spine-csharp.csproj", "{49381169-3BBA-31EF-600B-08FC04646C1C}"
EndProject
Project("{FAE04EC0-301F-11D3-BF4B-00C04F79EFBC}") = "Assembly-CSharp", "Assembly-CSharp.csproj", "{DB5A80F9-D15A-BB29-D073-7645AECD89BF}"
EndProject
Global
	GlobalSection(SolutionConfigurationPlatforms) = preSolution
		Debug|Any CPU = Debug|Any CPU
		Release|Any CPU = Release|Any CPU
	EndGlobalSection
	GlobalSection(ProjectConfigurationPlatforms) = postSolution
		{4CF35524-C216-5BE0-36EA-3E86842371C3}.Debug|Any CPU.ActiveCfg = Debug|Any CPU
		{4CF35524-C216-5BE0-36EA-3E86842371C3}.Debug|Any CPU.Build.0 = Debug|Any CPU
		{4CF35524-C216-5BE0-36EA-3E86842371C3}.Release|Any CPU.ActiveCfg = Release|Any CPU
		{4CF35524-C216-5BE0-36EA-3E86842371C3}.Release|Any CPU.Build.0 = Release|Any CPU
		{FAC8CE82-92FC-EBA0-7C5F-E2A9A5B5381D}.Debug|Any CPU.ActiveCfg = Debug|Any CPU
		{FAC8CE82-92FC-EBA0-7C5F-E2A9A5B5381D}.Debug|Any CPU.Build.0 = Debug|Any CPU
		{FAC8CE82-92FC-EBA0-7C5F-E2A9A5B5381D}.Release|Any CPU.ActiveCfg = Release|Any CPU
		{FAC8CE82-92FC-EBA0-7C5F-E2A9A5B5381D}.Release|Any CPU.Build.0 = Release|Any CPU
		{A331BB66-84FD-861B-5109-D6076FF00794}.Debug|Any CPU.ActiveCfg = Debug|Any CPU
		{A331BB66-84FD-861B-5109-D6076FF00794}.Debug|Any CPU.Build.0 = Debug|Any CPU
		{A331BB66-84FD-861B-5109-D6076FF00794}.Release|Any CPU.ActiveCfg = Release|Any CPU
		{A331BB66-84FD-861B-5109-D6076FF00794}.Release|Any CPU.Build.0 = Release|Any CPU
		{49381169-3BBA-31EF-600B-08FC04646C1C}.Debug|Any CPU.ActiveCfg = Debug|Any CPU
		{49381169-3BBA-31EF-600B-08FC04646C1C}.Debug|Any CPU.Build.0 = Debug|Any CPU
		{49381169-3BBA-31EF-600B-08FC04646C1C}.Release|Any CPU.ActiveCfg = Release|Any CPU
		{49381169-3BBA-31EF-600B-08FC04646C1C}.Release|Any CPU.Build.0 = Release|Any CPU
		{DB5A80F9-D15A-BB29-D073-7645AECD89BF}.Debug|Any CPU.ActiveCfg = Debug|Any CPU
		{DB5A80F9-D15A-BB29-D073-7645AECD89BF}.Debug|Any CPU.Build.0 = Debug|Any CPU
		{DB5A80F9-D15A-BB29-D073-7645AECD89BF}.Release|Any CPU.ActiveCfg = Release|Any CPU
		{DB5A80F9-D15A-BB29-D073-7645AECD89BF}.Release|Any CPU.Build.0 = Release|Any CPU
	EndGlobalSection
	GlobalSection(SolutionProperties) = preSolution
		HideSolutionNode = FALSE
	EndGlobalSection
EndGlobal
